<?xml version="1.0" encoding="utf-8"?>
<Project ToolsVersion="4.0" xmlns="http://schemas.microsoft.com/developer/msbuild/2003">
  <ItemGroup>
    <Filter Include="Source Files">
      <UniqueIdentifier>{6acd9134-2b49-471d-9ee6-87c5a3c8adde}</UniqueIdentifier>
      <Extensions>cpp;c;cxx;rc;def;r;odl;idl;hpj;bat</Extensions>
    </Filter>
    <Filter Include="Header Files">
      <UniqueIdentifier>{7f273e9f-edee-4fe7-acc7-25f325a95d23}</UniqueIdentifier>
      <Extensions>h;hpp;hxx;hm;inl</Extensions>
    </Filter>
    <Filter Include="Resource Files">
      <UniqueIdentifier>{a2e3a0e6-3aaa-43fe-9e3e-e774b05aaf8a}</UniqueIdentifier>
      <Extensions>ico;cur;bmp;dlg;rc2;rct;bin;rgs;gif;jpg;jpeg;jpe</Extensions>
    </Filter>
  </ItemGroup>
  <ItemGroup>
    <ClCompile Include="..\game\bg_lib.c">
      <Filter>Source Files</Filter>
    </ClCompile>
    <ClCompile Include="..\game\bg_misc.c">
      <Filter>Source Files</Filter>
    </ClCompile>
    <ClCompile Include="..\game\q_math.c">
      <Filter>Source Files</Filter>
    </ClCompile>
    <ClCompile Include="..\game\q_shared.c">
      <Filter>Source Files</Filter>
    </ClCompile>
    <ClCompile Include="ui_atoms.c">
      <Filter>Source Files</Filter>
    </ClCompile>
    <ClCompile Include="ui_gameinfo.c">
      <Filter>Source Files</Filter>
    </ClCompile>
    <ClCompile Include="ui_main.c">
      <Filter>Source Files</Filter>
    </ClCompile>
    <ClCompile Include="ui_players.c">
      <Filter>Source Files</Filter>
    </ClCompile>
    <ClCompile Include="ui_shared.c">
      <Filter>Source Files</Filter>
    </ClCompile>
    <ClCompile Include="ui_syscalls.c">
      <Filter>Source Files</Filter>
    </ClCompile>
    <ClCompile Include="ui_util.c">
      <Filter>Source Files</Filter>
    </ClCompile>
  </ItemGroup>
  <ItemGroup>
    <CustomBuild Include="ui.def">
      <Filter>Source Files</Filter>
    </CustomBuild>
    <CustomBuild Include="..\game\bg_public.h">
      <Filter>Header Files</Filter>
    </CustomBuild>
    <CustomBuild Include="keycodes.h">
      <Filter>Header Files</Filter>
    </CustomBuild>
    <CustomBuild Include="..\..\ui\menudef.h">
      <Filter>Header Files</Filter>
    </CustomBuild>
    <CustomBuild Include="..\game\q_shared.h">
      <Filter>Header Files</Filter>
    </CustomBuild>
    <CustomBuild Include="..\game\surfaceflags.h">
      <Filter>Header Files</Filter>
    </CustomBuild>
    <CustomBuild Include="..\cgame\tr_types.h">
      <Filter>Header Files</Filter>
    </CustomBuild>
    <CustomBuild Include="ui_local.h">
      <Filter>Header Files</Filter>
    </CustomBuild>
    <CustomBuild Include="ui_public.h">
      <Filter>Header Files</Filter>
    </CustomBuild>
    <CustomBuild Include="ui_shared.h">
      <Filter>Header Files</Filter>
    </CustomBuild>
  </ItemGroup>
</Project>